
Microsoft Visual Studio Solution File, Format Version 12.00
# Visual Studio Version 17
VisualStudioVersion = 17.14.36221.1
MinimumVisualStudioVersion = 10.0.40219.1
Project("{FAE04EC0-301F-11D3-BF4B-00C04F79EFBC}") = "MqPublisherConsole", "MqPublisherConsole\MqPublisherConsole.csproj", "{42B1FD3B-1B33-4F90-A60F-A9F101CCF229}"
EndProject
Project("{FAE04EC0-301F-11D3-BF4B-00C04F79EFBC}") = "MqConsumer1", "MqConsumer1\MqConsumer1.csproj", "{2A928A60-9BA8-44AA-82BA-2E4F145C0347}"
EndProject
Global
	GlobalSection(SolutionConfigurationPlatforms) = preSolution
		Debug|Any CPU = Debug|Any CPU
		Release|Any CPU = Release|Any CPU
	EndGlobalSection
	GlobalSection(ProjectConfigurationPlatforms) = postSolution
		{42B1FD3B-1B33-4F90-A60F-A9F101CCF229}.Debug|Any CPU.ActiveCfg = Debug|Any CPU
		{42B1FD3B-1B33-4F90-A60F-A9F101CCF229}.Debug|Any CPU.Build.0 = Debug|Any CPU
		{42B1FD3B-1B33-4F90-A60F-A9F101CCF229}.Release|Any CPU.ActiveCfg = Release|Any CPU
		{42B1FD3B-1B33-4F90-A60F-A9F101CCF229}.Release|Any CPU.Build.0 = Release|Any CPU
		{2A928A60-9BA8-44AA-82BA-2E4F145C0347}.Debug|Any CPU.ActiveCfg = Debug|Any CPU
		{2A928A60-9BA8-44AA-82BA-2E4F145C0347}.Debug|Any CPU.Build.0 = Debug|Any CPU
		{2A928A60-9BA8-44AA-82BA-2E4F145C0347}.Release|Any CPU.ActiveCfg = Release|Any CPU
		{2A928A60-9BA8-44AA-82BA-2E4F145C0347}.Release|Any CPU.Build.0 = Release|Any CPU
	EndGlobalSection
	GlobalSection(SolutionProperties) = preSolution
		HideSolutionNode = FALSE
	EndGlobalSection
	GlobalSection(ExtensibilityGlobals) = postSolution
		SolutionGuid = {F3412423-A025-48CF-BF5C-F0E099E25EAC}
	EndGlobalSection
EndGlobal
